// !$*UTF8*$!
{
	archiveVersion = 1;
	classes = {
	};
	objectVersion = 55;
	objects = {

/* Begin PBXBuildFile section */
		FAFD91B3292D04D30031D763 /* AppDelegate.swift in Sources */ = {isa = PBXBuildFile; fileRef = FAFD91B2292D04D30031D763 /* AppDelegate.swift */; };
		FAFD91B5292D04D30031D763 /* SceneDelegate.swift in Sources */ = {isa = PBXBuildFile; fileRef = FAFD91B4292D04D30031D763 /* SceneDelegate.swift */; };
		FAFD91BA292D04D30031D763 /* Main.storyboard in Resources */ = {isa = PBXBuildFile; fileRef = FAFD91B8292D04D30031D763 /* Main.storyboard */; };
		FAFD91BC292D04D60031D763 /* Assets.xcassets in Resources */ = {isa = PBXBuildFile; fileRef = FAFD91BB292D04D60031D763 /* Assets.xcassets */; };
		FAFD91BF292D04D60031D763 /* LaunchScreen.storyboard in Resources */ = {isa = PBXBuildFile; fileRef = FAFD91BD292D04D60031D763 /* LaunchScreen.storyboard */; };
		FAFD91C7292D37FA0031D763 /* PersonsListViewController.swift in Sources */ = {isa = PBXBuildFile; fileRef = FAFD91C6292D37FA0031D763 /* PersonsListViewController.swift */; };
		FAFD91D2292D410E0031D763 /* Person.swift in Sources */ = {isa = PBXBuildFile; fileRef = FAFD91D1292D410E0031D763 /* Person.swift */; };
		FAFD91D4292D426A0031D763 /* DataManager.swift in Sources */ = {isa = PBXBuildFile; fileRef = FAFD91D3292D426A0031D763 /* DataManager.swift */; };
		FAFD91D7292E1A630031D763 /* ListTableViewController.swift in Sources */ = {isa = PBXBuildFile; fileRef = FAFD91D6292E1A630031D763 /* ListTableViewController.swift */; };
		FAFD91D9292E1AC20031D763 /* DetailInfoViewController.swift in Sources */ = {isa = PBXBuildFile; fileRef = FAFD91D8292E1AC20031D763 /* DetailInfoViewController.swift */; };
/* End PBXBuildFile section */

/* Begin PBXFileReference section */
		FAFD91AF292D04D30031D763 /* ContactListApp_UiKit.app */ = {isa = PBXFileReference; explicitFileType = wrapper.application; includeInIndex = 0; path = ContactListApp_UiKit.app; sourceTree = BUILT_PRODUCTS_DIR; };
		FAFD91B2292D04D30031D763 /* AppDelegate.swift */ = {isa = PBXFileReference; lastKnownFileType = sourcecode.swift; path = AppDelegate.swift; sourceTree = "<group>"; };
		FAFD91B4292D04D30031D763 /* SceneDelegate.swift */ = {isa = PBXFileReference; lastKnownFileType = sourcecode.swift; path = SceneDelegate.swift; sourceTree = "<group>"; };
		FAFD91B9292D04D30031D763 /* Base */ = {isa = PBXFileReference; lastKnownFileType = file.storyboard; name = Base; path = Base.lproj/Main.storyboard; sourceTree = "<group>"; };
		FAFD91BB292D04D60031D763 /* Assets.xcassets */ = {isa = PBXFileReference; lastKnownFileType = folder.assetcatalog; path = Assets.xcassets; sourceTree = "<group>"; };
		FAFD91BE292D04D60031D763 /* Base */ = {isa = PBXFileReference; lastKnownFileType = file.storyboard; name = Base; path = Base.lproj/LaunchScreen.storyboard; sourceTree = "<group>"; };
		FAFD91C0292D04D60031D763 /* Info.plist */ = {isa = PBXFileReference; lastKnownFileType = text.plist.xml; path = Info.plist; sourceTree = "<group>"; };
		FAFD91C6292D37FA0031D763 /* PersonsListViewController.swift */ = {isa = PBXFileReference; lastKnownFileType = sourcecode.swift; path = PersonsListViewController.swift; sourceTree = "<group>"; };
		FAFD91D1292D410E0031D763 /* Person.swift */ = {isa = PBXFileReference; lastKnownFileType = sourcecode.swift; path = Person.swift; sourceTree = "<group>"; };
		FAFD91D3292D426A0031D763 /* DataManager.swift */ = {isa = PBXFileReference; lastKnownFileType = sourcecode.swift; path = DataManager.swift; sourceTree = "<group>"; };
		FAFD91D6292E1A630031D763 /* ListTableViewController.swift */ = {isa = PBXFileReference; lastKnownFileType = sourcecode.swift; path = ListTableViewController.swift; sourceTree = "<group>"; };
		FAFD91D8292E1AC20031D763 /* DetailInfoViewController.swift */ = {isa = PBXFileReference; lastKnownFileType = sourcecode.swift; path = DetailInfoViewController.swift; sourceTree = "<group>"; };
/* End PBXFileReference section */

/* Begin PBXFrameworksBuildPhase section */
		FAFD91AC292D04D30031D763 /* Frameworks */ = {
			isa = PBXFrameworksBuildPhase;
			buildActionMask = 2147483647;
			files = (
			);
			runOnlyForDeploymentPostprocessing = 0;
		};
/* End PBXFrameworksBuildPhase section */

/* Begin PBXGroup section */
		FAFD91A6292D04D30031D763 = {
			isa = PBXGroup;
			children = (
				FAFD91B1292D04D30031D763 /* ContactListApp_UiKit */,
				FAFD91B0292D04D30031D763 /* Products */,
			);
			sourceTree = "<group>";
		};
		FAFD91B0292D04D30031D763 /* Products */ = {
			isa = PBXGroup;
			children = (
				FAFD91AF292D04D30031D763 /* ContactListApp_UiKit.app */,
			);
			name = Products;
			sourceTree = "<group>";
		};
		FAFD91B1292D04D30031D763 /* ContactListApp_UiKit */ = {
			isa = PBXGroup;
			children = (
				FAFD91D0292D3F770031D763 /* Models */,
				FAFD91D5292D4A7E0031D763 /* Services */,
				FAFD91C8292D38600031D763 /* ViewControllers */,
				FAFD91CE292D3F410031D763 /* Storyboards */,
				FAFD91CF292D3F5C0031D763 /* SupportFiles */,
				FAFD91BB292D04D60031D763 /* Assets.xcassets */,
				FAFD91C0292D04D60031D763 /* Info.plist */,
			);
			path = ContactListApp_UiKit;
			sourceTree = "<group>";
		};
		FAFD91C8292D38600031D763 /* ViewControllers */ = {
			isa = PBXGroup;
			children = (
				FAFD91C6292D37FA0031D763 /* PersonsListViewController.swift */,
				FAFD91D8292E1AC20031D763 /* DetailInfoViewController.swift */,
				FAFD91D6292E1A630031D763 /* ListTableViewController.swift */,
			);
			path = ViewControllers;
			sourceTree = "<group>";
		};
		FAFD91CE292D3F410031D763 /* Storyboards */ = {
			isa = PBXGroup;
			children = (
				FAFD91B8292D04D30031D763 /* Main.storyboard */,
				FAFD91BD292D04D60031D763 /* LaunchScreen.storyboard */,
			);
			path = Storyboards;
			sourceTree = "<group>";
		};
		FAFD91CF292D3F5C0031D763 /* SupportFiles */ = {
			isa = PBXGroup;
			children = (
				FAFD91B4292D04D30031D763 /* SceneDelegate.swift */,
				FAFD91B2292D04D30031D763 /* AppDelegate.swift */,
			);
			path = SupportFiles;
			sourceTree = "<group>";
		};
		FAFD91D0292D3F770031D763 /* Models */ = {
			isa = PBXGroup;
			children = (
				FAFD91D1292D410E0031D763 /* Person.swift */,
			);
			path = Models;
			sourceTree = "<group>";
		};
		FAFD91D5292D4A7E0031D763 /* Services */ = {
			isa = PBXGroup;
			children = (
				FAFD91D3292D426A0031D763 /* DataManager.swift */,
			);
			path = Services;
			sourceTree = "<group>";
		};
/* End PBXGroup section */

/* Begin PBXNativeTarget section */
		FAFD91AE292D04D30031D763 /* ContactListApp_UiKit */ = {
			isa = PBXNativeTarget;
			buildConfigurationList = FAFD91C3292D04D60031D763 /* Build configuration list for PBXNativeTarget "ContactListApp_UiKit" */;
			buildPhases = (
				FAFD91AB292D04D30031D763 /* Sources */,
				FAFD91AC292D04D30031D763 /* Frameworks */,
				FAFD91AD292D04D30031D763 /* Resources */,
			);
			buildRules = (
			);
			dependencies = (
			);
			name = ContactListApp_UiKit;
			productName = ContactListApp_UiKit;
			productReference = FAFD91AF292D04D30031D763 /* ContactListApp_UiKit.app */;
			productType = "com.apple.product-type.application";
		};
/* End PBXNativeTarget section */

/* Begin PBXProject section */
		FAFD91A7292D04D30031D763 /* Project object */ = {
			isa = PBXProject;
			attributes = {
				BuildIndependentTargetsInParallel = 1;
				LastSwiftUpdateCheck = 1320;
				LastUpgradeCheck = 1320;
				TargetAttributes = {
					FAFD91AE292D04D30031D763 = {
						CreatedOnToolsVersion = 13.2.1;
					};
				};
			};
			buildConfigurationList = FAFD91AA292D04D30031D763 /* Build configuration list for PBXProject "ContactListApp_UiKit" */;
			compatibilityVersion = "Xcode 13.0";
			developmentRegion = en;
			hasScannedForEncodings = 0;
			knownRegions = (
				en,
				Base,
			);
			mainGroup = FAFD91A6292D04D30031D763;
			productRefGroup = FAFD91B0292D04D30031D763 /* Products */;
			projectDirPath = "";
			projectRoot = "";
			targets = (
				FAFD91AE292D04D30031D763 /* ContactListApp_UiKit */,
			);
		};
/* End PBXProject section */

/* Begin PBXResourcesBuildPhase section */
		FAFD91AD292D04D30031D763 /* Resources */ = {
			isa = PBXResourcesBuildPhase;
			buildActionMask = 2147483647;
			files = (
				FAFD91BF292D04D60031D763 /* LaunchScreen.storyboard in Resources */,
				FAFD91BC292D04D60031D763 /* Assets.xcassets in Resources */,
				FAFD91BA292D04D30031D763 /* Main.storyboard in Resources */,
			);
			runOnlyForDeploymentPostprocessing = 0;
		};
/* End PBXResourcesBuildPhase section */

/* Begin PBXSourcesBuildPhase section */
		FAFD91AB292D04D30031D763 /* Sources */ = {
			isa = PBXSourcesBuildPhase;
			buildActionMask = 2147483647;
			files = (
				FAFD91D2292D410E0031D763 /* Person.swift in Sources */,
				FAFD91B3292D04D30031D763 /* AppDelegate.swift in Sources */,
				FAFD91D4292D426A0031D763 /* DataManager.swift in Sources */,
				FAFD91D7292E1A630031D763 /* ListTableViewController.swift in Sources */,
				FAFD91D9292E1AC20031D763 /* DetailInfoViewController.swift in Sources */,
				FAFD91C7292D37FA0031D763 /* PersonsListViewController.swift in Sources */,
				FAFD91B5292D04D30031D763 /* SceneDelegate.swift in Sources */,
			);
			runOnlyForDeploymentPostprocessing = 0;
		};
/* End PBXSourcesBuildPhase section */

/* Begin PBXVariantGroup section */
		FAFD91B8292D04D30031D763 /* Main.storyboard */ = {
			isa = PBXVariantGroup;
			children = (
				FAFD91B9292D04D30031D763 /* Base */,
			);
			name = Main.storyboard;
			sourceTree = "<group>";
		};
		FAFD91BD292D04D60031D763 /* LaunchScreen.storyboard */ = {
			isa = PBXVariantGroup;
			children = (
				FAFD91BE292D04D60031D763 /* Base */,
			);
			name = LaunchScreen.storyboard;
			sourceTree = "<group>";
		};
/* End PBXVariantGroup section */

/* Begin XCBuildConfiguration section */
		FAFD91C1292D04D60031D763 /* Debug */ = {
			isa = XCBuildConfiguration;
			buildSettings = {
				ALWAYS_SEARCH_USER_PATHS = NO;
				CLANG_ANALYZER_NONNULL = YES;
				CLANG_ANALYZER_NUMBER_OBJECT_CONVERSION = YES_AGGRESSIVE;
				CLANG_CXX_LANGUAGE_STANDARD = "gnu++17";
				CLANG_CXX_LIBRARY = "libc++";
				CLANG_ENABLE_MODULES = YES;
				CLANG_ENABLE_OBJC_ARC = YES;
				CLANG_ENABLE_OBJC_WEAK = YES;
				CLANG_WARN_BLOCK_CAPTURE_AUTORELEASING = YES;
				CLANG_WARN_BOOL_CONVERSION = YES;
				CLANG_WARN_COMMA = YES;
				CLANG_WARN_CONSTANT_CONVERSION = YES;
				CLANG_WARN_DEPRECATED_OBJC_IMPLEMENTATIONS = YES;
				CLANG_WARN_DIRECT_OBJC_ISA_USAGE = YES_ERROR;
				CLANG_WARN_DOCUMENTATION_COMMENTS = YES;
				CLANG_WARN_EMPTY_BODY = YES;
				CLANG_WARN_ENUM_CONVERSION = YES;
				CLANG_WARN_INFINITE_RECURSION = YES;
				CLANG_WARN_INT_CONVERSION = YES;
				CLANG_WARN_NON_LITERAL_NULL_CONVERSION = YES;
				CLANG_WARN_OBJC_IMPLICIT_RETAIN_SELF = YES;
				CLANG_WARN_OBJC_LITERAL_CONVERSION = YES;
				CLANG_WARN_OBJC_ROOT_CLASS = YES_ERROR;
				CLANG_WARN_QUOTED_INCLUDE_IN_FRAMEWORK_HEADER = YES;
				CLANG_WARN_RANGE_LOOP_ANALYSIS = YES;
				CLANG_WARN_STRICT_PROTOTYPES = YES;
				CLANG_WARN_SUSPICIOUS_MOVE = YES;
				CLANG_WARN_UNGUARDED_AVAILABILITY = YES_AGGRESSIVE;
				CLANG_WARN_UNREACHABLE_CODE = YES;
				CLANG_WARN__DUPLICATE_METHOD_MATCH = YES;
				COPY_PHASE_STRIP = NO;
				DEBUG_INFORMATION_FORMAT = dwarf;
				ENABLE_STRICT_OBJC_MSGSEND = YES;
				ENABLE_TESTABILITY = YES;
				GCC_C_LANGUAGE_STANDARD = gnu11;
				GCC_DYNAMIC_NO_PIC = NO;
				GCC_NO_COMMON_BLOCKS = YES;
				GCC_OPTIMIZATION_LEVEL = 0;
				GCC_PREPROCESSOR_DEFINITIONS = (
					"DEBUG=1",
					"$(inherited)",
				);
				GCC_WARN_64_TO_32_BIT_CONVERSION = YES;
				GCC_WARN_ABOUT_RETURN_TYPE = YES_ERROR;
				GCC_WARN_UNDECLARED_SELECTOR = YES;
				GCC_WARN_UNINITIALIZED_AUTOS = YES_AGGRESSIVE;
				GCC_WARN_UNUSED_FUNCTION = YES;
				GCC_WARN_UNUSED_VARIABLE = YES;
				IPHONEOS_DEPLOYMENT_TARGET = 15.2;
				MTL_ENABLE_DEBUG_INFO = INCLUDE_SOURCE;
				MTL_FAST_MATH = YES;
				ONLY_ACTIVE_ARCH = YES;
				SDKROOT = iphoneos;
				SWIFT_ACTIVE_COMPILATION_CONDITIONS = DEBUG;
				SWIFT_OPTIMIZATION_LEVEL = "-Onone";
			};
			name = Debug;
		};
		FAFD91C2292D04D60031D763 /* Release */ = {
			isa = XCBuildConfiguration;
			buildSettings = {
				ALWAYS_SEARCH_USER_PATHS = NO;
				CLANG_ANALYZER_NONNULL = YES;
				CLANG_ANALYZER_NUMBER_OBJECT_CONVERSION = YES_AGGRESSIVE;
				CLANG_CXX_LANGUAGE_STANDARD = "gnu++17";
				CLANG_CXX_LIBRARY = "libc++";
				CLANG_ENABLE_MODULES = YES;
				CLANG_ENABLE_OBJC_ARC = YES;
				CLANG_ENABLE_OBJC_WEAK = YES;
				CLANG_WARN_BLOCK_CAPTURE_AUTORELEASING = YES;
				CLANG_WARN_BOOL_CONVERSION = YES;
				CLANG_WARN_COMMA = YES;
				CLANG_WARN_CONSTANT_CONVERSION = YES;
				CLANG_WARN_DEPRECATED_OBJC_IMPLEMENTATIONS = YES;
				CLANG_WARN_DIRECT_OBJC_ISA_USAGE = YES_ERROR;
				CLANG_WARN_DOCUMENTATION_COMMENTS = YES;
				CLANG_WARN_EMPTY_BODY = YES;
				CLANG_WARN_ENUM_CONVERSION = YES;
				CLANG_WARN_INFINITE_RECURSION = YES;
				CLANG_WARN_INT_CONVERSION = YES;
				CLANG_WARN_NON_LITERAL_NULL_CONVERSION = YES;
				CLANG_WARN_OBJC_IMPLICIT_RETAIN_SELF = YES;
				CLANG_WARN_OBJC_LITERAL_CONVERSION = YES;
				CLANG_WARN_OBJC_ROOT_CLASS = YES_ERROR;
				CLANG_WARN_QUOTED_INCLUDE_IN_FRAMEWORK_HEADER = YES;
				CLANG_WARN_RANGE_LOOP_ANALYSIS = YES;
				CLANG_WARN_STRICT_PROTOTYPES = YES;
				CLANG_WARN_SUSPICIOUS_MOVE = YES;
				CLANG_WARN_UNGUARDED_AVAILABILITY = YES_AGGRESSIVE;
				CLANG_WARN_UNREACHABLE_CODE = YES;
				CLANG_WARN__DUPLICATE_METHOD_MATCH = YES;
				COPY_PHASE_STRIP = NO;
				DEBUG_INFORMATION_FORMAT = "dwarf-with-dsym";
				ENABLE_NS_ASSERTIONS = NO;
				ENABLE_STRICT_OBJC_MSGSEND = YES;
				GCC_C_LANGUAGE_STANDARD = gnu11;
				GCC_NO_COMMON_BLOCKS = YES;
				GCC_WARN_64_TO_32_BIT_CONVERSION = YES;
				GCC_WARN_ABOUT_RETURN_TYPE = YES_ERROR;
				GCC_WARN_UNDECLARED_SELECTOR = YES;
				GCC_WARN_UNINITIALIZED_AUTOS = YES_AGGRESSIVE;
				GCC_WARN_UNUSED_FUNCTION = YES;
				GCC_WARN_UNUSED_VARIABLE = YES;
				IPHONEOS_DEPLOYMENT_TARGET = 15.2;
				MTL_ENABLE_DEBUG_INFO = NO;
				MTL_FAST_MATH = YES;
				SDKROOT = iphoneos;
				SWIFT_COMPILATION_MODE = wholemodule;
				SWIFT_OPTIMIZATION_LEVEL = "-O";
				VALIDATE_PRODUCT = YES;
			};
			name = Release;
		};
		FAFD91C4292D04D60031D763 /* Debug */ = {
			isa = XCBuildConfiguration;
			buildSettings = {
				ASSETCATALOG_COMPILER_APPICON_NAME = AppIcon;
				ASSETCATALOG_COMPILER_GLOBAL_ACCENT_COLOR_NAME = AccentColor;
				CODE_SIGN_IDENTITY = "Apple Development";
				CODE_SIGN_STYLE = Automatic;
				CURRENT_PROJECT_VERSION = 1;
				DEVELOPMENT_TEAM = 4URKV6V579;
				GENERATE_INFOPLIST_FILE = YES;
				INFOPLIST_FILE = ContactListApp_UiKit/Info.plist;
				INFOPLIST_KEY_UIApplicationSupportsIndirectInputEvents = YES;
				INFOPLIST_KEY_UILaunchStoryboardName = LaunchScreen;
				INFOPLIST_KEY_UIMainStoryboardFile = Main;
				INFOPLIST_KEY_UISupportedInterfaceOrientations_iPad = "UIInterfaceOrientationPortrait UIInterfaceOrientationPortraitUpsideDown UIInterfaceOrientationLandscapeLeft UIInterfaceOrientationLandscapeRight";
				INFOPLIST_KEY_UISupportedInterfaceOrientations_iPhone = "UIInterfaceOrientationPortrait UIInterfaceOrientationLandscapeLeft UIInterfaceOrientationLandscapeRight";
				LD_RUNPATH_SEARCH_PATHS = (
					"$(inherited)",
					"@executable_path/Frameworks",
				);
				MARKETING_VERSION = 1.0;
				PRODUCT_BUNDLE_IDENTIFIER = "LazarevPavel.ContactListApp-UiKit";
				PRODUCT_NAME = "$(TARGET_NAME)";
				PROVISIONING_PROFILE_SPECIFIER = "";
				SWIFT_EMIT_LOC_STRINGS = YES;
				SWIFT_VERSION = 5.0;
				TARGETED_DEVICE_FAMILY = 1;
			};
			name = Debug;
		};
		FAFD91C5292D04D60031D763 /* Release */ = {
			isa = XCBuildConfiguration;
			buildSettings = {
				ASSETCATALOG_COMPILER_APPICON_NAME = AppIcon;
				ASSETCATALOG_COMPILER_GLOBAL_ACCENT_COLOR_NAME = AccentColor;
				CODE_SIGN_IDENTITY = "Apple Development";
				CODE_SIGN_STYLE = Automatic;
				CURRENT_PROJECT_VERSION = 1;
				DEVELOPMENT_TEAM = 4URKV6V579;
				GENERATE_INFOPLIST_FILE = YES;
				INFOPLIST_FILE = ContactListApp_UiKit/Info.plist;
				INFOPLIST_KEY_UIApplicationSupportsIndirectInputEvents = YES;
				INFOPLIST_KEY_UILaunchStoryboardName = LaunchScreen;
				INFOPLIST_KEY_UIMainStoryboardFile = Main;
				INFOPLIST_KEY_UISupportedInterfaceOrientations_iPad = "UIInterfaceOrientationPortrait UIInterfaceOrientationPortraitUpsideDown UIInterfaceOrientationLandscapeLeft UIInterfaceOrientationLandscapeRight";
				INFOPLIST_KEY_UISupportedInterfaceOrientations_iPhone = "UIInterfaceOrientationPortrait UIInterfaceOrientationLandscapeLeft UIInterfaceOrientationLandscapeRight";
				LD_RUNPATH_SEARCH_PATHS = (
					"$(inherited)",
					"@executable_path/Frameworks",
				);
				MARKETING_VERSION = 1.0;
				PRODUCT_BUNDLE_IDENTIFIER = "LazarevPavel.ContactListApp-UiKit";
				PRODUCT_NAME = "$(TARGET_NAME)";
				PROVISIONING_PROFILE_SPECIFIER = "";
				SWIFT_EMIT_LOC_STRINGS = YES;
				SWIFT_VERSION = 5.0;
				TARGETED_DEVICE_FAMILY = 1;
			};
			name = Release;
		};
/* End XCBuildConfiguration section */

/* Begin XCConfigurationList section */
		FAFD91AA292D04D30031D763 /* Build configuration list for PBXProject "ContactListApp_UiKit" */ = {
			isa = XCConfigurationList;
			buildConfigurations = (
				FAFD91C1292D04D60031D763 /* Debug */,
				FAFD91C2292D04D60031D763 /* Release */,
			);
			defaultConfigurationIsVisible = 0;
			defaultConfigurationName = Release;
		};
		FAFD91C3292D04D60031D763 /* Build configuration list for PBXNativeTarget "ContactListApp_UiKit" */ = {
			isa = XCConfigurationList;
			buildConfigurations = (
				FAFD91C4292D04D60031D763 /* Debug */,
				FAFD91C5292D04D60031D763 /* Release */,
			);
			defaultConfigurationIsVisible = 0;
			defaultConfigurationName = Release;
		};
/* End XCConfigurationList section */
	};
	rootObject = FAFD91A7292D04D30031D763 /* Project object */;
}
